
Microsoft Visual Studio Solution File, Format Version 12.00
# Visual Studio Version 17
VisualStudioVersion = 17.9.34607.119
MinimumVisualStudioVersion = 10.0.40219.1
Project("{9A19103F-16F7-4668-BE54-9A1E7A4F7556}") = "TIToolsDll", "TIToolsDll\TIToolsDll.csproj", "{64986F12-6973-4510-A52D-4A037748BB33}"
EndProject
Project("{FAE04EC0-301F-11D3-BF4B-00C04F79EFBC}") = "TEST_TIToolsDll", "TEST_TIToolsDll\TEST_TIToolsDll.csproj", "{844EDA66-CF16-4D54-9F68-548F3B791449}"
EndProject
Global
	GlobalSection(SolutionConfigurationPlatforms) = preSolution
		Debug|Any CPU = Debug|Any CPU
		Release|Any CPU = Release|Any CPU
	EndGlobalSection
	GlobalSection(ProjectConfigurationPlatforms) = postSolution
		{64986F12-6973-4510-A52D-4A037748BB33}.Debug|Any CPU.ActiveCfg = Debug|Any CPU
		{64986F12-6973-4510-A52D-4A037748BB33}.Debug|Any CPU.Build.0 = Debug|Any CPU
		{64986F12-6973-4510-A52D-4A037748BB33}.Release|Any CPU.ActiveCfg = Release|Any CPU
		{64986F12-6973-4510-A52D-4A037748BB33}.Release|Any CPU.Build.0 = Release|Any CPU
		{844EDA66-CF16-4D54-9F68-548F3B791449}.Debug|Any CPU.ActiveCfg = Debug|Any CPU
		{844EDA66-CF16-4D54-9F68-548F3B791449}.Debug|Any CPU.Build.0 = Debug|Any CPU
		{844EDA66-CF16-4D54-9F68-548F3B791449}.Release|Any CPU.ActiveCfg = Release|Any CPU
		{844EDA66-CF16-4D54-9F68-548F3B791449}.Release|Any CPU.Build.0 = Release|Any CPU
	EndGlobalSection
	GlobalSection(SolutionProperties) = preSolution
		HideSolutionNode = FALSE
	EndGlobalSection
	GlobalSection(ExtensibilityGlobals) = postSolution
		SolutionGuid = {21D19AD8-7DE8-45C9-A043-0065D3F9FD20}
	EndGlobalSection
EndGlobal
